// !$*UTF8*$!
{
	archiveVersion = 1;
	classes = {
	};
	objectVersion = 55;
	objects = {

/* Begin PBXBuildFile section */
		B282AD5328794B1F00AE2AB3 /* cro_iosApp.swift in Sources */ = {isa = PBXBuildFile; fileRef = B282AD5228794B1F00AE2AB3 /* cro_iosApp.swift */; };
		B282AD5528794B1F00AE2AB3 /* ContentView.swift in Sources */ = {isa = PBXBuildFile; fileRef = B282AD5428794B1F00AE2AB3 /* ContentView.swift */; };
		B282AD5728794B2000AE2AB3 /* Assets.xcassets in Resources */ = {isa = PBXBuildFile; fileRef = B282AD5628794B2000AE2AB3 /* Assets.xcassets */; };
		B282AD5A28794B2000AE2AB3 /* Preview Assets.xcassets in Resources */ = {isa = PBXBuildFile; fileRef = B282AD5928794B2000AE2AB3 /* Preview Assets.xcassets */; };
		B282AD6428794B2100AE2AB3 /* cro_iosTests.swift in Sources */ = {isa = PBXBuildFile; fileRef = B282AD6328794B2100AE2AB3 /* cro_iosTests.swift */; };
		B282AD6E28794B2100AE2AB3 /* cro_iosUITests.swift in Sources */ = {isa = PBXBuildFile; fileRef = B282AD6D28794B2100AE2AB3 /* cro_iosUITests.swift */; };
		B282AD7028794B2100AE2AB3 /* cro_iosUITestsLaunchTests.swift in Sources */ = {isa = PBXBuildFile; fileRef = B282AD6F28794B2100AE2AB3 /* cro_iosUITestsLaunchTests.swift */; };
		B282AD7D28794D7D00AE2AB3 /* .github in Resources */ = {isa = PBXBuildFile; fileRef = B282AD7C28794D7D00AE2AB3 /* .github */; };
		B282AD7F28794D9200AE2AB3 /* README.md in Resources */ = {isa = PBXBuildFile; fileRef = B282AD7E28794D9200AE2AB3 /* README.md */; };
/* End PBXBuildFile section */

/* Begin PBXContainerItemProxy section */
		B282AD6028794B2100AE2AB3 /* PBXContainerItemProxy */ = {
			isa = PBXContainerItemProxy;
			containerPortal = B282AD4728794B1F00AE2AB3 /* Project object */;
			proxyType = 1;
			remoteGlobalIDString = B282AD4E28794B1F00AE2AB3;
			remoteInfo = cro_ios;
		};
		B282AD6A28794B2100AE2AB3 /* PBXContainerItemProxy */ = {
			isa = PBXContainerItemProxy;
			containerPortal = B282AD4728794B1F00AE2AB3 /* Project object */;
			proxyType = 1;
			remoteGlobalIDString = B282AD4E28794B1F00AE2AB3;
			remoteInfo = cro_ios;
		};
/* End PBXContainerItemProxy section */

/* Begin PBXFileReference section */
		B282AD4F28794B1F00AE2AB3 /* cro_ios.app */ = {isa = PBXFileReference; explicitFileType = wrapper.application; includeInIndex = 0; path = cro_ios.app; sourceTree = BUILT_PRODUCTS_DIR; };
		B282AD5228794B1F00AE2AB3 /* cro_iosApp.swift */ = {isa = PBXFileReference; lastKnownFileType = sourcecode.swift; path = cro_iosApp.swift; sourceTree = "<group>"; };
		B282AD5428794B1F00AE2AB3 /* ContentView.swift */ = {isa = PBXFileReference; lastKnownFileType = sourcecode.swift; path = ContentView.swift; sourceTree = "<group>"; };
		B282AD5628794B2000AE2AB3 /* Assets.xcassets */ = {isa = PBXFileReference; lastKnownFileType = folder.assetcatalog; path = Assets.xcassets; sourceTree = "<group>"; };
		B282AD5928794B2000AE2AB3 /* Preview Assets.xcassets */ = {isa = PBXFileReference; lastKnownFileType = folder.assetcatalog; path = "Preview Assets.xcassets"; sourceTree = "<group>"; };
		B282AD5F28794B2100AE2AB3 /* cro_iosTests.xctest */ = {isa = PBXFileReference; explicitFileType = wrapper.cfbundle; includeInIndex = 0; path = cro_iosTests.xctest; sourceTree = BUILT_PRODUCTS_DIR; };
		B282AD6328794B2100AE2AB3 /* cro_iosTests.swift */ = {isa = PBXFileReference; lastKnownFileType = sourcecode.swift; path = cro_iosTests.swift; sourceTree = "<group>"; };
		B282AD6928794B2100AE2AB3 /* cro_iosUITests.xctest */ = {isa = PBXFileReference; explicitFileType = wrapper.cfbundle; includeInIndex = 0; path = cro_iosUITests.xctest; sourceTree = BUILT_PRODUCTS_DIR; };
		B282AD6D28794B2100AE2AB3 /* cro_iosUITests.swift */ = {isa = PBXFileReference; lastKnownFileType = sourcecode.swift; path = cro_iosUITests.swift; sourceTree = "<group>"; };
		B282AD6F28794B2100AE2AB3 /* cro_iosUITestsLaunchTests.swift */ = {isa = PBXFileReference; lastKnownFileType = sourcecode.swift; path = cro_iosUITestsLaunchTests.swift; sourceTree = "<group>"; };
		B282AD7C28794D7D00AE2AB3 /* .github */ = {isa = PBXFileReference; lastKnownFileType = folder; path = .github; sourceTree = "<group>"; };
		B282AD7E28794D9200AE2AB3 /* README.md */ = {isa = PBXFileReference; fileEncoding = 4; lastKnownFileType = net.daringfireball.markdown; path = README.md; sourceTree = "<group>"; };
/* End PBXFileReference section */

/* Begin PBXFrameworksBuildPhase section */
		B282AD4C28794B1F00AE2AB3 /* Frameworks */ = {
			isa = PBXFrameworksBuildPhase;
			buildActionMask = 2147483647;
			files = (
			);
			runOnlyForDeploymentPostprocessing = 0;
		};
		B282AD5C28794B2100AE2AB3 /* Frameworks */ = {
			isa = PBXFrameworksBuildPhase;
			buildActionMask = 2147483647;
			files = (
			);
			runOnlyForDeploymentPostprocessing = 0;
		};
		B282AD6628794B2100AE2AB3 /* Frameworks */ = {
			isa = PBXFrameworksBuildPhase;
			buildActionMask = 2147483647;
			files = (
			);
			runOnlyForDeploymentPostprocessing = 0;
		};
/* End PBXFrameworksBuildPhase section */

/* Begin PBXGroup section */
		B282AD4628794B1F00AE2AB3 = {
			isa = PBXGroup;
			children = (
				B282AD7E28794D9200AE2AB3 /* README.md */,
				B282AD7C28794D7D00AE2AB3 /* .github */,
				B282AD5128794B1F00AE2AB3 /* cro_ios */,
				B282AD6228794B2100AE2AB3 /* cro_iosTests */,
				B282AD6C28794B2100AE2AB3 /* cro_iosUITests */,
				B282AD5028794B1F00AE2AB3 /* Products */,
			);
			sourceTree = "<group>";
		};
		B282AD5028794B1F00AE2AB3 /* Products */ = {
			isa = PBXGroup;
			children = (
				B282AD4F28794B1F00AE2AB3 /* cro_ios.app */,
				B282AD5F28794B2100AE2AB3 /* cro_iosTests.xctest */,
				B282AD6928794B2100AE2AB3 /* cro_iosUITests.xctest */,
			);
			name = Products;
			sourceTree = "<group>";
		};
		B282AD5128794B1F00AE2AB3 /* cro_ios */ = {
			isa = PBXGroup;
			children = (
				B282AD5228794B1F00AE2AB3 /* cro_iosApp.swift */,
				B282AD5428794B1F00AE2AB3 /* ContentView.swift */,
				B282AD5628794B2000AE2AB3 /* Assets.xcassets */,
				B282AD5828794B2000AE2AB3 /* Preview Content */,
			);
			path = cro_ios;
			sourceTree = "<group>";
		};
		B282AD5828794B2000AE2AB3 /* Preview Content */ = {
			isa = PBXGroup;
			children = (
				B282AD5928794B2000AE2AB3 /* Preview Assets.xcassets */,
			);
			path = "Preview Content";
			sourceTree = "<group>";
		};
		B282AD6228794B2100AE2AB3 /* cro_iosTests */ = {
			isa = PBXGroup;
			children = (
				B282AD6328794B2100AE2AB3 /* cro_iosTests.swift */,
			);
			path = cro_iosTests;
			sourceTree = "<group>";
		};
		B282AD6C28794B2100AE2AB3 /* cro_iosUITests */ = {
			isa = PBXGroup;
			children = (
				B282AD6D28794B2100AE2AB3 /* cro_iosUITests.swift */,
				B282AD6F28794B2100AE2AB3 /* cro_iosUITestsLaunchTests.swift */,
			);
			path = cro_iosUITests;
			sourceTree = "<group>";
		};
/* End PBXGroup section */

/* Begin PBXNativeTarget section */
		B282AD4E28794B1F00AE2AB3 /* cro_ios */ = {
			isa = PBXNativeTarget;
			buildConfigurationList = B282AD7328794B2100AE2AB3 /* Build configuration list for PBXNativeTarget "cro_ios" */;
			buildPhases = (
				B282AD4B28794B1F00AE2AB3 /* Sources */,
				B282AD4C28794B1F00AE2AB3 /* Frameworks */,
				B282AD4D28794B1F00AE2AB3 /* Resources */,
			);
			buildRules = (
			);
			dependencies = (
			);
			name = cro_ios;
			productName = cro_ios;
			productReference = B282AD4F28794B1F00AE2AB3 /* cro_ios.app */;
			productType = "com.apple.product-type.application";
		};
		B282AD5E28794B2100AE2AB3 /* cro_iosTests */ = {
			isa = PBXNativeTarget;
			buildConfigurationList = B282AD7628794B2100AE2AB3 /* Build configuration list for PBXNativeTarget "cro_iosTests" */;
			buildPhases = (
				B282AD5B28794B2100AE2AB3 /* Sources */,
				B282AD5C28794B2100AE2AB3 /* Frameworks */,
				B282AD5D28794B2100AE2AB3 /* Resources */,
			);
			buildRules = (
			);
			dependencies = (
				B282AD6128794B2100AE2AB3 /* PBXTargetDependency */,
			);
			name = cro_iosTests;
			productName = cro_iosTests;
			productReference = B282AD5F28794B2100AE2AB3 /* cro_iosTests.xctest */;
			productType = "com.apple.product-type.bundle.unit-test";
		};
		B282AD6828794B2100AE2AB3 /* cro_iosUITests */ = {
			isa = PBXNativeTarget;
			buildConfigurationList = B282AD7928794B2100AE2AB3 /* Build configuration list for PBXNativeTarget "cro_iosUITests" */;
			buildPhases = (
				B282AD6528794B2100AE2AB3 /* Sources */,
				B282AD6628794B2100AE2AB3 /* Frameworks */,
				B282AD6728794B2100AE2AB3 /* Resources */,
			);
			buildRules = (
			);
			dependencies = (
				B282AD6B28794B2100AE2AB3 /* PBXTargetDependency */,
			);
			name = cro_iosUITests;
			productName = cro_iosUITests;
			productReference = B282AD6928794B2100AE2AB3 /* cro_iosUITests.xctest */;
			productType = "com.apple.product-type.bundle.ui-testing";
		};
/* End PBXNativeTarget section */

/* Begin PBXProject section */
		B282AD4728794B1F00AE2AB3 /* Project object */ = {
			isa = PBXProject;
			attributes = {
				BuildIndependentTargetsInParallel = 1;
				LastSwiftUpdateCheck = 1340;
				LastUpgradeCheck = 1340;
				TargetAttributes = {
					B282AD4E28794B1F00AE2AB3 = {
						CreatedOnToolsVersion = 13.4;
					};
					B282AD5E28794B2100AE2AB3 = {
						CreatedOnToolsVersion = 13.4;
						TestTargetID = B282AD4E28794B1F00AE2AB3;
					};
					B282AD6828794B2100AE2AB3 = {
						CreatedOnToolsVersion = 13.4;
						TestTargetID = B282AD4E28794B1F00AE2AB3;
					};
				};
			};
			buildConfigurationList = B282AD4A28794B1F00AE2AB3 /* Build configuration list for PBXProject "cro_ios" */;
			compatibilityVersion = "Xcode 13.0";
			developmentRegion = en;
			hasScannedForEncodings = 0;
			knownRegions = (
				en,
				Base,
			);
			mainGroup = B282AD4628794B1F00AE2AB3;
			productRefGroup = B282AD5028794B1F00AE2AB3 /* Products */;
			projectDirPath = "";
			projectRoot = "";
			targets = (
				B282AD4E28794B1F00AE2AB3 /* cro_ios */,
				B282AD5E28794B2100AE2AB3 /* cro_iosTests */,
				B282AD6828794B2100AE2AB3 /* cro_iosUITests */,
			);
		};
/* End PBXProject section */

/* Begin PBXResourcesBuildPhase section */
		B282AD4D28794B1F00AE2AB3 /* Resources */ = {
			isa = PBXResourcesBuildPhase;
			buildActionMask = 2147483647;
			files = (
				B282AD7D28794D7D00AE2AB3 /* .github in Resources */,
				B282AD5A28794B2000AE2AB3 /* Preview Assets.xcassets in Resources */,
				B282AD7F28794D9200AE2AB3 /* README.md in Resources */,
				B282AD5728794B2000AE2AB3 /* Assets.xcassets in Resources */,
			);
			runOnlyForDeploymentPostprocessing = 0;
		};
		B282AD5D28794B2100AE2AB3 /* Resources */ = {
			isa = PBXResourcesBuildPhase;
			buildActionMask = 2147483647;
			files = (
			);
			runOnlyForDeploymentPostprocessing = 0;
		};
		B282AD6728794B2100AE2AB3 /* Resources */ = {
			isa = PBXResourcesBuildPhase;
			buildActionMask = 2147483647;
			files = (
			);
			runOnlyForDeploymentPostprocessing = 0;
		};
/* End PBXResourcesBuildPhase section */

/* Begin PBXSourcesBuildPhase section */
		B282AD4B28794B1F00AE2AB3 /* Sources */ = {
			isa = PBXSourcesBuildPhase;
			buildActionMask = 2147483647;
			files = (
				B282AD5528794B1F00AE2AB3 /* ContentView.swift in Sources */,
				B282AD5328794B1F00AE2AB3 /* cro_iosApp.swift in Sources */,
			);
			runOnlyForDeploymentPostprocessing = 0;
		};
		B282AD5B28794B2100AE2AB3 /* Sources */ = {
			isa = PBXSourcesBuildPhase;
			buildActionMask = 2147483647;
			files = (
				B282AD6428794B2100AE2AB3 /* cro_iosTests.swift in Sources */,
			);
			runOnlyForDeploymentPostprocessing = 0;
		};
		B282AD6528794B2100AE2AB3 /* Sources */ = {
			isa = PBXSourcesBuildPhase;
			buildActionMask = 2147483647;
			files = (
				B282AD6E28794B2100AE2AB3 /* cro_iosUITests.swift in Sources */,
				B282AD7028794B2100AE2AB3 /* cro_iosUITestsLaunchTests.swift in Sources */,
			);
			runOnlyForDeploymentPostprocessing = 0;
		};
/* End PBXSourcesBuildPhase section */

/* Begin PBXTargetDependency section */
		B282AD6128794B2100AE2AB3 /* PBXTargetDependency */ = {
			isa = PBXTargetDependency;
			target = B282AD4E28794B1F00AE2AB3 /* cro_ios */;
			targetProxy = B282AD6028794B2100AE2AB3 /* PBXContainerItemProxy */;
		};
		B282AD6B28794B2100AE2AB3 /* PBXTargetDependency */ = {
			isa = PBXTargetDependency;
			target = B282AD4E28794B1F00AE2AB3 /* cro_ios */;
			targetProxy = B282AD6A28794B2100AE2AB3 /* PBXContainerItemProxy */;
		};
/* End PBXTargetDependency section */

/* Begin XCBuildConfiguration section */
		B282AD7128794B2100AE2AB3 /* Debug */ = {
			isa = XCBuildConfiguration;
			buildSettings = {
				ALWAYS_SEARCH_USER_PATHS = NO;
				CLANG_ANALYZER_NONNULL = YES;
				CLANG_ANALYZER_NUMBER_OBJECT_CONVERSION = YES_AGGRESSIVE;
				CLANG_CXX_LANGUAGE_STANDARD = "gnu++17";
				CLANG_ENABLE_MODULES = YES;
				CLANG_ENABLE_OBJC_ARC = YES;
				CLANG_ENABLE_OBJC_WEAK = YES;
				CLANG_WARN_BLOCK_CAPTURE_AUTORELEASING = YES;
				CLANG_WARN_BOOL_CONVERSION = YES;
				CLANG_WARN_COMMA = YES;
				CLANG_WARN_CONSTANT_CONVERSION = YES;
				CLANG_WARN_DEPRECATED_OBJC_IMPLEMENTATIONS = YES;
				CLANG_WARN_DIRECT_OBJC_ISA_USAGE = YES_ERROR;
				CLANG_WARN_DOCUMENTATION_COMMENTS = YES;
				CLANG_WARN_EMPTY_BODY = YES;
				CLANG_WARN_ENUM_CONVERSION = YES;
				CLANG_WARN_INFINITE_RECURSION = YES;
				CLANG_WARN_INT_CONVERSION = YES;
				CLANG_WARN_NON_LITERAL_NULL_CONVERSION = YES;
				CLANG_WARN_OBJC_IMPLICIT_RETAIN_SELF = YES;
				CLANG_WARN_OBJC_LITERAL_CONVERSION = YES;
				CLANG_WARN_OBJC_ROOT_CLASS = YES_ERROR;
				CLANG_WARN_QUOTED_INCLUDE_IN_FRAMEWORK_HEADER = YES;
				CLANG_WARN_RANGE_LOOP_ANALYSIS = YES;
				CLANG_WARN_STRICT_PROTOTYPES = YES;
				CLANG_WARN_SUSPICIOUS_MOVE = YES;
				CLANG_WARN_UNGUARDED_AVAILABILITY = YES_AGGRESSIVE;
				CLANG_WARN_UNREACHABLE_CODE = YES;
				CLANG_WARN__DUPLICATE_METHOD_MATCH = YES;
				COPY_PHASE_STRIP = NO;
				DEBUG_INFORMATION_FORMAT = dwarf;
				ENABLE_STRICT_OBJC_MSGSEND = YES;
				ENABLE_TESTABILITY = YES;
				GCC_C_LANGUAGE_STANDARD = gnu11;
				GCC_DYNAMIC_NO_PIC = NO;
				GCC_NO_COMMON_BLOCKS = YES;
				GCC_OPTIMIZATION_LEVEL = 0;
				GCC_PREPROCESSOR_DEFINITIONS = (
					"DEBUG=1",
					"$(inherited)",
				);
				GCC_WARN_64_TO_32_BIT_CONVERSION = YES;
				GCC_WARN_ABOUT_RETURN_TYPE = YES_ERROR;
				GCC_WARN_UNDECLARED_SELECTOR = YES;
				GCC_WARN_UNINITIALIZED_AUTOS = YES_AGGRESSIVE;
				GCC_WARN_UNUSED_FUNCTION = YES;
				GCC_WARN_UNUSED_VARIABLE = YES;
				IPHONEOS_DEPLOYMENT_TARGET = 15.5;
				MTL_ENABLE_DEBUG_INFO = INCLUDE_SOURCE;
				MTL_FAST_MATH = YES;
				ONLY_ACTIVE_ARCH = YES;
				SDKROOT = iphoneos;
				SWIFT_ACTIVE_COMPILATION_CONDITIONS = DEBUG;
				SWIFT_OPTIMIZATION_LEVEL = "-Onone";
			};
			name = Debug;
		};
		B282AD7228794B2100AE2AB3 /* Release */ = {
			isa = XCBuildConfiguration;
			buildSettings = {
				ALWAYS_SEARCH_USER_PATHS = NO;
				CLANG_ANALYZER_NONNULL = YES;
				CLANG_ANALYZER_NUMBER_OBJECT_CONVERSION = YES_AGGRESSIVE;
				CLANG_CXX_LANGUAGE_STANDARD = "gnu++17";
				CLANG_ENABLE_MODULES = YES;
				CLANG_ENABLE_OBJC_ARC = YES;
				CLANG_ENABLE_OBJC_WEAK = YES;
				CLANG_WARN_BLOCK_CAPTURE_AUTORELEASING = YES;
				CLANG_WARN_BOOL_CONVERSION = YES;
				CLANG_WARN_COMMA = YES;
				CLANG_WARN_CONSTANT_CONVERSION = YES;
				CLANG_WARN_DEPRECATED_OBJC_IMPLEMENTATIONS = YES;
				CLANG_WARN_DIRECT_OBJC_ISA_USAGE = YES_ERROR;
				CLANG_WARN_DOCUMENTATION_COMMENTS = YES;
				CLANG_WARN_EMPTY_BODY = YES;
				CLANG_WARN_ENUM_CONVERSION = YES;
				CLANG_WARN_INFINITE_RECURSION = YES;
				CLANG_WARN_INT_CONVERSION = YES;
				CLANG_WARN_NON_LITERAL_NULL_CONVERSION = YES;
				CLANG_WARN_OBJC_IMPLICIT_RETAIN_SELF = YES;
				CLANG_WARN_OBJC_LITERAL_CONVERSION = YES;
				CLANG_WARN_OBJC_ROOT_CLASS = YES_ERROR;
				CLANG_WARN_QUOTED_INCLUDE_IN_FRAMEWORK_HEADER = YES;
				CLANG_WARN_RANGE_LOOP_ANALYSIS = YES;
				CLANG_WARN_STRICT_PROTOTYPES = YES;
				CLANG_WARN_SUSPICIOUS_MOVE = YES;
				CLANG_WARN_UNGUARDED_AVAILABILITY = YES_AGGRESSIVE;
				CLANG_WARN_UNREACHABLE_CODE = YES;
				CLANG_WARN__DUPLICATE_METHOD_MATCH = YES;
				COPY_PHASE_STRIP = NO;
				DEBUG_INFORMATION_FORMAT = "dwarf-with-dsym";
				ENABLE_NS_ASSERTIONS = NO;
				ENABLE_STRICT_OBJC_MSGSEND = YES;
				GCC_C_LANGUAGE_STANDARD = gnu11;
				GCC_NO_COMMON_BLOCKS = YES;
				GCC_WARN_64_TO_32_BIT_CONVERSION = YES;
				GCC_WARN_ABOUT_RETURN_TYPE = YES_ERROR;
				GCC_WARN_UNDECLARED_SELECTOR = YES;
				GCC_WARN_UNINITIALIZED_AUTOS = YES_AGGRESSIVE;
				GCC_WARN_UNUSED_FUNCTION = YES;
				GCC_WARN_UNUSED_VARIABLE = YES;
				IPHONEOS_DEPLOYMENT_TARGET = 15.5;
				MTL_ENABLE_DEBUG_INFO = NO;
				MTL_FAST_MATH = YES;
				SDKROOT = iphoneos;
				SWIFT_COMPILATION_MODE = wholemodule;
				SWIFT_OPTIMIZATION_LEVEL = "-O";
				VALIDATE_PRODUCT = YES;
			};
			name = Release;
		};
		B282AD7428794B2100AE2AB3 /* Debug */ = {
			isa = XCBuildConfiguration;
			buildSettings = {
				ASSETCATALOG_COMPILER_APPICON_NAME = AppIcon;
				ASSETCATALOG_COMPILER_GLOBAL_ACCENT_COLOR_NAME = AccentColor;
				CODE_SIGN_STYLE = Automatic;
				CURRENT_PROJECT_VERSION = 1;
				DEVELOPMENT_ASSET_PATHS = "\"cro_ios/Preview Content\"";
				ENABLE_PREVIEWS = YES;
				GENERATE_INFOPLIST_FILE = YES;
				INFOPLIST_KEY_UIApplicationSceneManifest_Generation = YES;
				INFOPLIST_KEY_UIApplicationSupportsIndirectInputEvents = YES;
				INFOPLIST_KEY_UILaunchScreen_Generation = YES;
				INFOPLIST_KEY_UISupportedInterfaceOrientations_iPad = "UIInterfaceOrientationPortrait UIInterfaceOrientationPortraitUpsideDown UIInterfaceOrientationLandscapeLeft UIInterfaceOrientationLandscapeRight";
				INFOPLIST_KEY_UISupportedInterfaceOrientations_iPhone = "UIInterfaceOrientationPortrait UIInterfaceOrientationLandscapeLeft UIInterfaceOrientationLandscapeRight";
				LD_RUNPATH_SEARCH_PATHS = (
					"$(inherited)",
					"@executable_path/Frameworks",
				);
				MARKETING_VERSION = 1.0;
				PRODUCT_BUNDLE_IDENTIFIER = "io.codecrow.cro-ios";
				PRODUCT_NAME = "$(TARGET_NAME)";
				SWIFT_EMIT_LOC_STRINGS = YES;
				SWIFT_VERSION = 5.0;
				TARGETED_DEVICE_FAMILY = "1,2";
			};
			name = Debug;
		};
		B282AD7528794B2100AE2AB3 /* Release */ = {
			isa = XCBuildConfiguration;
			buildSettings = {
				ASSETCATALOG_COMPILER_APPICON_NAME = AppIcon;
				ASSETCATALOG_COMPILER_GLOBAL_ACCENT_COLOR_NAME = AccentColor;
				CODE_SIGN_STYLE = Automatic;
				CURRENT_PROJECT_VERSION = 1;
				DEVELOPMENT_ASSET_PATHS = "\"cro_ios/Preview Content\"";
				ENABLE_PREVIEWS = YES;
				GENERATE_INFOPLIST_FILE = YES;
				INFOPLIST_KEY_UIApplicationSceneManifest_Generation = YES;
				INFOPLIST_KEY_UIApplicationSupportsIndirectInputEvents = YES;
				INFOPLIST_KEY_UILaunchScreen_Generation = YES;
				INFOPLIST_KEY_UISupportedInterfaceOrientations_iPad = "UIInterfaceOrientationPortrait UIInterfaceOrientationPortraitUpsideDown UIInterfaceOrientationLandscapeLeft UIInterfaceOrientationLandscapeRight";
				INFOPLIST_KEY_UISupportedInterfaceOrientations_iPhone = "UIInterfaceOrientationPortrait UIInterfaceOrientationLandscapeLeft UIInterfaceOrientationLandscapeRight";
				LD_RUNPATH_SEARCH_PATHS = (
					"$(inherited)",
					"@executable_path/Frameworks",
				);
				MARKETING_VERSION = 1.0;
				PRODUCT_BUNDLE_IDENTIFIER = "io.codecrow.cro-ios";
				PRODUCT_NAME = "$(TARGET_NAME)";
				SWIFT_EMIT_LOC_STRINGS = YES;
				SWIFT_VERSION = 5.0;
				TARGETED_DEVICE_FAMILY = "1,2";
			};
			name = Release;
		};
		B282AD7728794B2100AE2AB3 /* Debug */ = {
			isa = XCBuildConfiguration;
			buildSettings = {
				ALWAYS_EMBED_SWIFT_STANDARD_LIBRARIES = YES;
				BUNDLE_LOADER = "$(TEST_HOST)";
				CODE_SIGN_STYLE = Automatic;
				CURRENT_PROJECT_VERSION = 1;
				GENERATE_INFOPLIST_FILE = YES;
				IPHONEOS_DEPLOYMENT_TARGET = 15.5;
				MARKETING_VERSION = 1.0;
				PRODUCT_BUNDLE_IDENTIFIER = "io.codecrow.cro-iosTests";
				PRODUCT_NAME = "$(TARGET_NAME)";
				SWIFT_EMIT_LOC_STRINGS = NO;
				SWIFT_VERSION = 5.0;
				TARGETED_DEVICE_FAMILY = "1,2";
				TEST_HOST = "$(BUILT_PRODUCTS_DIR)/cro_ios.app/cro_ios";
			};
			name = Debug;
		};
		B282AD7828794B2100AE2AB3 /* Release */ = {
			isa = XCBuildConfiguration;
			buildSettings = {
				ALWAYS_EMBED_SWIFT_STANDARD_LIBRARIES = YES;
				BUNDLE_LOADER = "$(TEST_HOST)";
				CODE_SIGN_STYLE = Automatic;
				CURRENT_PROJECT_VERSION = 1;
				GENERATE_INFOPLIST_FILE = YES;
				IPHONEOS_DEPLOYMENT_TARGET = 15.5;
				MARKETING_VERSION = 1.0;
				PRODUCT_BUNDLE_IDENTIFIER = "io.codecrow.cro-iosTests";
				PRODUCT_NAME = "$(TARGET_NAME)";
				SWIFT_EMIT_LOC_STRINGS = NO;
				SWIFT_VERSION = 5.0;
				TARGETED_DEVICE_FAMILY = "1,2";
				TEST_HOST = "$(BUILT_PRODUCTS_DIR)/cro_ios.app/cro_ios";
			};
			name = Release;
		};
		B282AD7A28794B2100AE2AB3 /* Debug */ = {
			isa = XCBuildConfiguration;
			buildSettings = {
				ALWAYS_EMBED_SWIFT_STANDARD_LIBRARIES = YES;
				CODE_SIGN_STYLE = Automatic;
				CURRENT_PROJECT_VERSION = 1;
				GENERATE_INFOPLIST_FILE = YES;
				MARKETING_VERSION = 1.0;
				PRODUCT_BUNDLE_IDENTIFIER = "io.codecrow.cro-iosUITests";
				PRODUCT_NAME = "$(TARGET_NAME)";
				SWIFT_EMIT_LOC_STRINGS = NO;
				SWIFT_VERSION = 5.0;
				TARGETED_DEVICE_FAMILY = "1,2";
				TEST_TARGET_NAME = cro_ios;
			};
			name = Debug;
		};
		B282AD7B28794B2100AE2AB3 /* Release */ = {
			isa = XCBuildConfiguration;
			buildSettings = {
				ALWAYS_EMBED_SWIFT_STANDARD_LIBRARIES = YES;
				CODE_SIGN_STYLE = Automatic;
				CURRENT_PROJECT_VERSION = 1;
				GENERATE_INFOPLIST_FILE = YES;
				MARKETING_VERSION = 1.0;
				PRODUCT_BUNDLE_IDENTIFIER = "io.codecrow.cro-iosUITests";
				PRODUCT_NAME = "$(TARGET_NAME)";
				SWIFT_EMIT_LOC_STRINGS = NO;
				SWIFT_VERSION = 5.0;
				TARGETED_DEVICE_FAMILY = "1,2";
				TEST_TARGET_NAME = cro_ios;
			};
			name = Release;
		};
/* End XCBuildConfiguration section */

/* Begin XCConfigurationList section */
		B282AD4A28794B1F00AE2AB3 /* Build configuration list for PBXProject "cro_ios" */ = {
			isa = XCConfigurationList;
			buildConfigurations = (
				B282AD7128794B2100AE2AB3 /* Debug */,
				B282AD7228794B2100AE2AB3 /* Release */,
			);
			defaultConfigurationIsVisible = 0;
			defaultConfigurationName = Release;
		};
		B282AD7328794B2100AE2AB3 /* Build configuration list for PBXNativeTarget "cro_ios" */ = {
			isa = XCConfigurationList;
			buildConfigurations = (
				B282AD7428794B2100AE2AB3 /* Debug */,
				B282AD7528794B2100AE2AB3 /* Release */,
			);
			defaultConfigurationIsVisible = 0;
			defaultConfigurationName = Release;
		};
		B282AD7628794B2100AE2AB3 /* Build configuration list for PBXNativeTarget "cro_iosTests" */ = {
			isa = XCConfigurationList;
			buildConfigurations = (
				B282AD7728794B2100AE2AB3 /* Debug */,
				B282AD7828794B2100AE2AB3 /* Release */,
			);
			defaultConfigurationIsVisible = 0;
			defaultConfigurationName = Release;
		};
		B282AD7928794B2100AE2AB3 /* Build configuration list for PBXNativeTarget "cro_iosUITests" */ = {
			isa = XCConfigurationList;
			buildConfigurations = (
				B282AD7A28794B2100AE2AB3 /* Debug */,
				B282AD7B28794B2100AE2AB3 /* Release */,
			);
			defaultConfigurationIsVisible = 0;
			defaultConfigurationName = Release;
		};
/* End XCConfigurationList section */
	};
	rootObject = B282AD4728794B1F00AE2AB3 /* Project object */;
}
